// !$*UTF8*$!
{
	archiveVersion = 1;
	classes = {
	};
	objectVersion = 55;
	objects = {

/* Begin PBXBuildFile section */
		B721806329CC67CB003EFB19 /* FestivalDTO.swift in Sources */ = {isa = PBXBuildFile; fileRef = B721806229CC67CB003EFB19 /* FestivalDTO.swift */; };
		B721806629CC689A003EFB19 /* FestivalState.swift in Sources */ = {isa = PBXBuildFile; fileRef = B721806529CC689A003EFB19 /* FestivalState.swift */; };
		B721806A29CC6B8A003EFB19 /* FestivalListIntent.swift in Sources */ = {isa = PBXBuildFile; fileRef = B721806929CC6B8A003EFB19 /* FestivalListIntent.swift */; };
		B721806C29CC7073003EFB19 /* FestivalListVM.swift in Sources */ = {isa = PBXBuildFile; fileRef = B721806B29CC7073003EFB19 /* FestivalListVM.swift */; };
		B721807029CC70D2003EFB19 /* FestivalModelObserver.swift in Sources */ = {isa = PBXBuildFile; fileRef = B721806F29CC70D2003EFB19 /* FestivalModelObserver.swift */; };
		B721807229CC7C5A003EFB19 /* FestivalIntent.swift in Sources */ = {isa = PBXBuildFile; fileRef = B721807129CC7C5A003EFB19 /* FestivalIntent.swift */; };
		B721807429CC7D32003EFB19 /* FestivalListState.swift in Sources */ = {isa = PBXBuildFile; fileRef = B721807329CC7D32003EFB19 /* FestivalListState.swift */; };
		B721807729CC84F9003EFB19 /* FestivalListView.swift in Sources */ = {isa = PBXBuildFile; fileRef = B721807629CC84F9003EFB19 /* FestivalListView.swift */; };
		B721807929CC890A003EFB19 /* FestivalItemView.swift in Sources */ = {isa = PBXBuildFile; fileRef = B721807829CC890A003EFB19 /* FestivalItemView.swift */; };
		B7941F1529C319EE00FD67C1 /* HomePageView.swift in Sources */ = {isa = PBXBuildFile; fileRef = B7941F1429C319EE00FD67C1 /* HomePageView.swift */; };
		B7941F1729C3227A00FD67C1 /* VolunteerView.swift in Sources */ = {isa = PBXBuildFile; fileRef = B7941F1629C3227A00FD67C1 /* VolunteerView.swift */; };
		B7941F1929C322FA00FD67C1 /* ManageFestivalView.swift in Sources */ = {isa = PBXBuildFile; fileRef = B7941F1829C322FA00FD67C1 /* ManageFestivalView.swift */; };
		B7941F1B29C3256A00FD67C1 /* Footer.swift in Sources */ = {isa = PBXBuildFile; fileRef = B7941F1A29C3256A00FD67C1 /* Footer.swift */; };
		B7941F1E29C32A6C00FD67C1 /* VolunteerDTO.swift in Sources */ = {isa = PBXBuildFile; fileRef = B7941F1D29C32A6C00FD67C1 /* VolunteerDTO.swift */; };
		B7941F2629C9930C00FD67C1 /* AuthDAO.swift in Sources */ = {isa = PBXBuildFile; fileRef = B7941F2529C9930C00FD67C1 /* AuthDAO.swift */; };
		B7941F2829C99AA200FD67C1 /* FestivalDAO.swift in Sources */ = {isa = PBXBuildFile; fileRef = B7941F2729C99AA200FD67C1 /* FestivalDAO.swift */; };
		B7941F2B29C99D5100FD67C1 /* FestivalVM.swift in Sources */ = {isa = PBXBuildFile; fileRef = B7941F2A29C99D5100FD67C1 /* FestivalVM.swift */; };
		B7941F2E29C9AB9F00FD67C1 /* JWTDecode.swift in Sources */ = {isa = PBXBuildFile; fileRef = B7941F2D29C9AB9F00FD67C1 /* JWTDecode.swift */; };
		B7941F3029C9AC2B00FD67C1 /* JSONHelper.swift in Sources */ = {isa = PBXBuildFile; fileRef = B7941F2F29C9AC2B00FD67C1 /* JSONHelper.swift */; };
		B7941F3229C9B37800FD67C1 /* ConnectionView.swift in Sources */ = {isa = PBXBuildFile; fileRef = B7941F3129C9B37800FD67C1 /* ConnectionView.swift */; };
		B7941F3429C9D44100FD67C1 /* AuthVM.swift in Sources */ = {isa = PBXBuildFile; fileRef = B7941F3329C9D44100FD67C1 /* AuthVM.swift */; };
		B7CF777529C076B20044CEDB /* Projet_MobileApp.swift in Sources */ = {isa = PBXBuildFile; fileRef = B7CF777429C076B20044CEDB /* Projet_MobileApp.swift */; };
		B7CF777729C076B20044CEDB /* ContentView.swift in Sources */ = {isa = PBXBuildFile; fileRef = B7CF777629C076B20044CEDB /* ContentView.swift */; };
		B7CF777929C076B20044CEDB /* Assets.xcassets in Resources */ = {isa = PBXBuildFile; fileRef = B7CF777829C076B20044CEDB /* Assets.xcassets */; };
		B7CF777C29C076B20044CEDB /* Preview Assets.xcassets in Resources */ = {isa = PBXBuildFile; fileRef = B7CF777B29C076B20044CEDB /* Preview Assets.xcassets */; };
		B7CF778629C076B30044CEDB /* Projet_MobileTests.swift in Sources */ = {isa = PBXBuildFile; fileRef = B7CF778529C076B30044CEDB /* Projet_MobileTests.swift */; };
		B7CF779029C076B30044CEDB /* Projet_MobileUITests.swift in Sources */ = {isa = PBXBuildFile; fileRef = B7CF778F29C076B30044CEDB /* Projet_MobileUITests.swift */; };
		B7CF779229C076B30044CEDB /* Projet_MobileUITestsLaunchTests.swift in Sources */ = {isa = PBXBuildFile; fileRef = B7CF779129C076B30044CEDB /* Projet_MobileUITestsLaunchTests.swift */; };
		B7FB26FA29CB07990081C181 /* SignInPageView.swift in Sources */ = {isa = PBXBuildFile; fileRef = B7FB26F929CB07990081C181 /* SignInPageView.swift */; };
		B7FB26FD29CB08C10081C181 /* alert.service.swift in Sources */ = {isa = PBXBuildFile; fileRef = B7FB26FC29CB08C10081C181 /* alert.service.swift */; };
		B7FB26FF29CB0D6E0081C181 /* LoginPageView.swift in Sources */ = {isa = PBXBuildFile; fileRef = B7FB26FE29CB0D6E0081C181 /* LoginPageView.swift */; };
		B7FB270129CB145F0081C181 /* ViewEnum.swift in Sources */ = {isa = PBXBuildFile; fileRef = B7FB270029CB145F0081C181 /* ViewEnum.swift */; };
		B7FB270329CB15FD0081C181 /* EnvironmentSettings.plist in Resources */ = {isa = PBXBuildFile; fileRef = B7FB270229CB15FD0081C181 /* EnvironmentSettings.plist */; };
		B7FB270529CB17F10081C181 /* MyEnvVariables.swift in Sources */ = {isa = PBXBuildFile; fileRef = B7FB270429CB17F10081C181 /* MyEnvVariables.swift */; };
		B7FB270729CB21A90081C181 /* ActualView.swift in Sources */ = {isa = PBXBuildFile; fileRef = B7FB270629CB21A90081C181 /* ActualView.swift */; };
/* End PBXBuildFile section */

/* Begin PBXContainerItemProxy section */
		B7CF778229C076B30044CEDB /* PBXContainerItemProxy */ = {
			isa = PBXContainerItemProxy;
			containerPortal = B7CF776929C076B20044CEDB /* Project object */;
			proxyType = 1;
			remoteGlobalIDString = B7CF777029C076B20044CEDB;
			remoteInfo = "Projet Mobile";
		};
		B7CF778C29C076B30044CEDB /* PBXContainerItemProxy */ = {
			isa = PBXContainerItemProxy;
			containerPortal = B7CF776929C076B20044CEDB /* Project object */;
			proxyType = 1;
			remoteGlobalIDString = B7CF777029C076B20044CEDB;
			remoteInfo = "Projet Mobile";
		};
/* End PBXContainerItemProxy section */

/* Begin PBXFileReference section */
		B721806229CC67CB003EFB19 /* FestivalDTO.swift */ = {isa = PBXFileReference; lastKnownFileType = sourcecode.swift; path = FestivalDTO.swift; sourceTree = "<group>"; };
		B721806529CC689A003EFB19 /* FestivalState.swift */ = {isa = PBXFileReference; lastKnownFileType = sourcecode.swift; path = FestivalState.swift; sourceTree = "<group>"; };
		B721806929CC6B8A003EFB19 /* FestivalListIntent.swift */ = {isa = PBXFileReference; lastKnownFileType = sourcecode.swift; path = FestivalListIntent.swift; sourceTree = "<group>"; };
		B721806B29CC7073003EFB19 /* FestivalListVM.swift */ = {isa = PBXFileReference; lastKnownFileType = sourcecode.swift; path = FestivalListVM.swift; sourceTree = "<group>"; };
		B721806F29CC70D2003EFB19 /* FestivalModelObserver.swift */ = {isa = PBXFileReference; lastKnownFileType = sourcecode.swift; path = FestivalModelObserver.swift; sourceTree = "<group>"; };
		B721807129CC7C5A003EFB19 /* FestivalIntent.swift */ = {isa = PBXFileReference; lastKnownFileType = sourcecode.swift; path = FestivalIntent.swift; sourceTree = "<group>"; };
		B721807329CC7D32003EFB19 /* FestivalListState.swift */ = {isa = PBXFileReference; lastKnownFileType = sourcecode.swift; path = FestivalListState.swift; sourceTree = "<group>"; };
		B721807629CC84F9003EFB19 /* FestivalListView.swift */ = {isa = PBXFileReference; lastKnownFileType = sourcecode.swift; path = FestivalListView.swift; sourceTree = "<group>"; };
		B721807829CC890A003EFB19 /* FestivalItemView.swift */ = {isa = PBXFileReference; lastKnownFileType = sourcecode.swift; path = FestivalItemView.swift; sourceTree = "<group>"; };
		B7941F1429C319EE00FD67C1 /* HomePageView.swift */ = {isa = PBXFileReference; lastKnownFileType = sourcecode.swift; path = HomePageView.swift; sourceTree = "<group>"; };
		B7941F1629C3227A00FD67C1 /* VolunteerView.swift */ = {isa = PBXFileReference; lastKnownFileType = sourcecode.swift; path = VolunteerView.swift; sourceTree = "<group>"; };
		B7941F1829C322FA00FD67C1 /* ManageFestivalView.swift */ = {isa = PBXFileReference; lastKnownFileType = sourcecode.swift; path = ManageFestivalView.swift; sourceTree = "<group>"; };
		B7941F1A29C3256A00FD67C1 /* Footer.swift */ = {isa = PBXFileReference; lastKnownFileType = sourcecode.swift; path = Footer.swift; sourceTree = "<group>"; };
		B7941F1D29C32A6C00FD67C1 /* VolunteerDTO.swift */ = {isa = PBXFileReference; lastKnownFileType = sourcecode.swift; path = VolunteerDTO.swift; sourceTree = "<group>"; };
		B7941F2529C9930C00FD67C1 /* AuthDAO.swift */ = {isa = PBXFileReference; lastKnownFileType = sourcecode.swift; path = AuthDAO.swift; sourceTree = "<group>"; };
		B7941F2729C99AA200FD67C1 /* FestivalDAO.swift */ = {isa = PBXFileReference; lastKnownFileType = sourcecode.swift; path = FestivalDAO.swift; sourceTree = "<group>"; };
		B7941F2A29C99D5100FD67C1 /* FestivalVM.swift */ = {isa = PBXFileReference; lastKnownFileType = sourcecode.swift; path = FestivalVM.swift; sourceTree = "<group>"; };
		B7941F2D29C9AB9F00FD67C1 /* JWTDecode.swift */ = {isa = PBXFileReference; lastKnownFileType = sourcecode.swift; path = JWTDecode.swift; sourceTree = "<group>"; };
		B7941F2F29C9AC2B00FD67C1 /* JSONHelper.swift */ = {isa = PBXFileReference; lastKnownFileType = sourcecode.swift; path = JSONHelper.swift; sourceTree = "<group>"; };
		B7941F3129C9B37800FD67C1 /* ConnectionView.swift */ = {isa = PBXFileReference; lastKnownFileType = sourcecode.swift; path = ConnectionView.swift; sourceTree = "<group>"; };
		B7941F3329C9D44100FD67C1 /* AuthVM.swift */ = {isa = PBXFileReference; lastKnownFileType = sourcecode.swift; path = AuthVM.swift; sourceTree = "<group>"; };
		B7CF777129C076B20044CEDB /* Projet Mobile.app */ = {isa = PBXFileReference; explicitFileType = wrapper.application; includeInIndex = 0; path = "Projet Mobile.app"; sourceTree = BUILT_PRODUCTS_DIR; };
		B7CF777429C076B20044CEDB /* Projet_MobileApp.swift */ = {isa = PBXFileReference; lastKnownFileType = sourcecode.swift; path = Projet_MobileApp.swift; sourceTree = "<group>"; };
		B7CF777629C076B20044CEDB /* ContentView.swift */ = {isa = PBXFileReference; lastKnownFileType = sourcecode.swift; path = ContentView.swift; sourceTree = "<group>"; };
		B7CF777829C076B20044CEDB /* Assets.xcassets */ = {isa = PBXFileReference; lastKnownFileType = folder.assetcatalog; path = Assets.xcassets; sourceTree = "<group>"; };
		B7CF777B29C076B20044CEDB /* Preview Assets.xcassets */ = {isa = PBXFileReference; lastKnownFileType = folder.assetcatalog; path = "Preview Assets.xcassets"; sourceTree = "<group>"; };
		B7CF778129C076B30044CEDB /* Projet MobileTests.xctest */ = {isa = PBXFileReference; explicitFileType = wrapper.cfbundle; includeInIndex = 0; path = "Projet MobileTests.xctest"; sourceTree = BUILT_PRODUCTS_DIR; };
		B7CF778529C076B30044CEDB /* Projet_MobileTests.swift */ = {isa = PBXFileReference; lastKnownFileType = sourcecode.swift; path = Projet_MobileTests.swift; sourceTree = "<group>"; };
		B7CF778B29C076B30044CEDB /* Projet MobileUITests.xctest */ = {isa = PBXFileReference; explicitFileType = wrapper.cfbundle; includeInIndex = 0; path = "Projet MobileUITests.xctest"; sourceTree = BUILT_PRODUCTS_DIR; };
		B7CF778F29C076B30044CEDB /* Projet_MobileUITests.swift */ = {isa = PBXFileReference; lastKnownFileType = sourcecode.swift; path = Projet_MobileUITests.swift; sourceTree = "<group>"; };
		B7CF779129C076B30044CEDB /* Projet_MobileUITestsLaunchTests.swift */ = {isa = PBXFileReference; lastKnownFileType = sourcecode.swift; path = Projet_MobileUITestsLaunchTests.swift; sourceTree = "<group>"; };
		B7FB26F929CB07990081C181 /* SignInPageView.swift */ = {isa = PBXFileReference; lastKnownFileType = sourcecode.swift; path = SignInPageView.swift; sourceTree = "<group>"; };
		B7FB26FC29CB08C10081C181 /* alert.service.swift */ = {isa = PBXFileReference; lastKnownFileType = sourcecode.swift; path = alert.service.swift; sourceTree = "<group>"; };
		B7FB26FE29CB0D6E0081C181 /* LoginPageView.swift */ = {isa = PBXFileReference; lastKnownFileType = sourcecode.swift; path = LoginPageView.swift; sourceTree = "<group>"; };
		B7FB270029CB145F0081C181 /* ViewEnum.swift */ = {isa = PBXFileReference; lastKnownFileType = sourcecode.swift; path = ViewEnum.swift; sourceTree = "<group>"; };
		B7FB270229CB15FD0081C181 /* EnvironmentSettings.plist */ = {isa = PBXFileReference; lastKnownFileType = text.plist.xml; path = EnvironmentSettings.plist; sourceTree = "<group>"; };
		B7FB270429CB17F10081C181 /* MyEnvVariables.swift */ = {isa = PBXFileReference; lastKnownFileType = sourcecode.swift; path = MyEnvVariables.swift; sourceTree = "<group>"; };
		B7FB270629CB21A90081C181 /* ActualView.swift */ = {isa = PBXFileReference; lastKnownFileType = sourcecode.swift; path = ActualView.swift; sourceTree = "<group>"; };
/* End PBXFileReference section */

/* Begin PBXFrameworksBuildPhase section */
		B7CF776E29C076B20044CEDB /* Frameworks */ = {
			isa = PBXFrameworksBuildPhase;
			buildActionMask = 2147483647;
			files = (
			);
			runOnlyForDeploymentPostprocessing = 0;
		};
		B7CF777E29C076B30044CEDB /* Frameworks */ = {
			isa = PBXFrameworksBuildPhase;
			buildActionMask = 2147483647;
			files = (
			);
			runOnlyForDeploymentPostprocessing = 0;
		};
		B7CF778829C076B30044CEDB /* Frameworks */ = {
			isa = PBXFrameworksBuildPhase;
			buildActionMask = 2147483647;
			files = (
			);
			runOnlyForDeploymentPostprocessing = 0;
		};
/* End PBXFrameworksBuildPhase section */

/* Begin PBXGroup section */
		B721806029CC66A1003EFB19 /* State */ = {
			isa = PBXGroup;
			children = (
				B721806429CC688C003EFB19 /* festival */,
			);
			path = State;
			sourceTree = "<group>";
		};
		B721806129CC67BD003EFB19 /* festival */ = {
			isa = PBXGroup;
			children = (
				B721806229CC67CB003EFB19 /* FestivalDTO.swift */,
			);
			path = festival;
			sourceTree = "<group>";
		};
		B721806429CC688C003EFB19 /* festival */ = {
			isa = PBXGroup;
			children = (
				B721806529CC689A003EFB19 /* FestivalState.swift */,
				B721807329CC7D32003EFB19 /* FestivalListState.swift */,
			);
			path = festival;
			sourceTree = "<group>";
		};
		B721806729CC6A6F003EFB19 /* festival */ = {
			isa = PBXGroup;
			children = (
				B7941F2A29C99D5100FD67C1 /* FestivalVM.swift */,
				B721806B29CC7073003EFB19 /* FestivalListVM.swift */,
			);
			path = festival;
			sourceTree = "<group>";
		};
		B721806829CC6B6D003EFB19 /* festival */ = {
			isa = PBXGroup;
			children = (
				B721806929CC6B8A003EFB19 /* FestivalListIntent.swift */,
				B721807129CC7C5A003EFB19 /* FestivalIntent.swift */,
			);
			path = festival;
			sourceTree = "<group>";
		};
		B721806D29CC70A1003EFB19 /* ModelObservers */ = {
			isa = PBXGroup;
			children = (
				B721806E29CC70AF003EFB19 /* festival */,
			);
			path = ModelObservers;
			sourceTree = "<group>";
		};
		B721806E29CC70AF003EFB19 /* festival */ = {
			isa = PBXGroup;
			children = (
				B721806F29CC70D2003EFB19 /* FestivalModelObserver.swift */,
			);
			path = festival;
			sourceTree = "<group>";
		};
		B721807529CC84DB003EFB19 /* festival */ = {
			isa = PBXGroup;
			children = (
				B721807629CC84F9003EFB19 /* FestivalListView.swift */,
				B721807829CC890A003EFB19 /* FestivalItemView.swift */,
			);
			path = festival;
			sourceTree = "<group>";
		};
		B7941F1329C3192B00FD67C1 /* Content */ = {
			isa = PBXGroup;
			children = (
				B721807529CC84DB003EFB19 /* festival */,
				B7941F1429C319EE00FD67C1 /* HomePageView.swift */,
				B7941F1629C3227A00FD67C1 /* VolunteerView.swift */,
				B7941F1829C322FA00FD67C1 /* ManageFestivalView.swift */,
				B7941F1A29C3256A00FD67C1 /* Footer.swift */,
				B7941F3129C9B37800FD67C1 /* ConnectionView.swift */,
				B7FB26F929CB07990081C181 /* SignInPageView.swift */,
				B7FB26FE29CB0D6E0081C181 /* LoginPageView.swift */,
			);
			path = Content;
			sourceTree = "<group>";
		};
		B7941F1C29C32A4E00FD67C1 /* DTO */ = {
			isa = PBXGroup;
			children = (
				B721806129CC67BD003EFB19 /* festival */,
				B7941F1D29C32A6C00FD67C1 /* VolunteerDTO.swift */,
			);
			path = DTO;
			sourceTree = "<group>";
		};
		B7941F1F29C44C0A00FD67C1 /* DAO */ = {
			isa = PBXGroup;
			children = (
				B7941F2529C9930C00FD67C1 /* AuthDAO.swift */,
				B7941F2729C99AA200FD67C1 /* FestivalDAO.swift */,
			);
			path = DAO;
			sourceTree = "<group>";
		};
		B7941F2229C45ADE00FD67C1 /* EExperimentation */ = {
			isa = PBXGroup;
			children = (
			);
			path = EExperimentation;
			sourceTree = "<group>";
		};
		B7941F2929C99BCE00FD67C1 /* ModelView */ = {
			isa = PBXGroup;
			children = (
				B721806729CC6A6F003EFB19 /* festival */,
				B7941F3329C9D44100FD67C1 /* AuthVM.swift */,
			);
			path = ModelView;
			sourceTree = "<group>";
		};
		B7941F2C29C9AB8800FD67C1 /* Helper */ = {
			isa = PBXGroup;
			children = (
				B7941F2D29C9AB9F00FD67C1 /* JWTDecode.swift */,
				B7941F2F29C9AC2B00FD67C1 /* JSONHelper.swift */,
				B7FB270029CB145F0081C181 /* ViewEnum.swift */,
				B7FB270629CB21A90081C181 /* ActualView.swift */,
			);
			path = Helper;
			sourceTree = "<group>";
		};
		B7941F3529C9D6B300FD67C1 /* Intent */ = {
			isa = PBXGroup;
			children = (
				B721806829CC6B6D003EFB19 /* festival */,
			);
			path = Intent;
			sourceTree = "<group>";
		};
		B7CF776829C076B20044CEDB = {
			isa = PBXGroup;
			children = (
				B7CF777329C076B20044CEDB /* Projet Mobile */,
				B7CF778429C076B30044CEDB /* Projet MobileTests */,
				B7CF778E29C076B30044CEDB /* Projet MobileUITests */,
				B7CF777229C076B20044CEDB /* Products */,
			);
			sourceTree = "<group>";
		};
		B7CF777229C076B20044CEDB /* Products */ = {
			isa = PBXGroup;
			children = (
				B7CF777129C076B20044CEDB /* Projet Mobile.app */,
				B7CF778129C076B30044CEDB /* Projet MobileTests.xctest */,
				B7CF778B29C076B30044CEDB /* Projet MobileUITests.xctest */,
			);
			name = Products;
			sourceTree = "<group>";
		};
		B7CF777329C076B20044CEDB /* Projet Mobile */ = {
			isa = PBXGroup;
			children = (
				B721806D29CC70A1003EFB19 /* ModelObservers */,
				B721806029CC66A1003EFB19 /* State */,
				B7FB26FB29CB08AC0081C181 /* Service */,
				B7941F3529C9D6B300FD67C1 /* Intent */,
				B7941F2C29C9AB8800FD67C1 /* Helper */,
				B7941F2929C99BCE00FD67C1 /* ModelView */,
				B7941F2229C45ADE00FD67C1 /* EExperimentation */,
				B7941F1F29C44C0A00FD67C1 /* DAO */,
				B7941F1C29C32A4E00FD67C1 /* DTO */,
				B7941F1329C3192B00FD67C1 /* Content */,
				B7CF777429C076B20044CEDB /* Projet_MobileApp.swift */,
				B7CF777629C076B20044CEDB /* ContentView.swift */,
				B7CF777829C076B20044CEDB /* Assets.xcassets */,
				B7CF777A29C076B20044CEDB /* Preview Content */,
				B7FB270229CB15FD0081C181 /* EnvironmentSettings.plist */,
				B7FB270429CB17F10081C181 /* MyEnvVariables.swift */,
			);
			path = "Projet Mobile";
			sourceTree = "<group>";
		};
		B7CF777A29C076B20044CEDB /* Preview Content */ = {
			isa = PBXGroup;
			children = (
				B7CF777B29C076B20044CEDB /* Preview Assets.xcassets */,
			);
			path = "Preview Content";
			sourceTree = "<group>";
		};
		B7CF778429C076B30044CEDB /* Projet MobileTests */ = {
			isa = PBXGroup;
			children = (
				B7CF778529C076B30044CEDB /* Projet_MobileTests.swift */,
			);
			path = "Projet MobileTests";
			sourceTree = "<group>";
		};
		B7CF778E29C076B30044CEDB /* Projet MobileUITests */ = {
			isa = PBXGroup;
			children = (
				B7CF778F29C076B30044CEDB /* Projet_MobileUITests.swift */,
				B7CF779129C076B30044CEDB /* Projet_MobileUITestsLaunchTests.swift */,
			);
			path = "Projet MobileUITests";
			sourceTree = "<group>";
		};
		B7FB26FB29CB08AC0081C181 /* Service */ = {
			isa = PBXGroup;
			children = (
				B7FB26FC29CB08C10081C181 /* alert.service.swift */,
			);
			path = Service;
			sourceTree = "<group>";
		};
/* End PBXGroup section */

/* Begin PBXNativeTarget section */
		B7CF777029C076B20044CEDB /* Projet Mobile */ = {
			isa = PBXNativeTarget;
			buildConfigurationList = B7CF779529C076B30044CEDB /* Build configuration list for PBXNativeTarget "Projet Mobile" */;
			buildPhases = (
				B7CF776D29C076B20044CEDB /* Sources */,
				B7CF776E29C076B20044CEDB /* Frameworks */,
				B7CF776F29C076B20044CEDB /* Resources */,
			);
			buildRules = (
			);
			dependencies = (
			);
			name = "Projet Mobile";
			productName = "Projet Mobile";
			productReference = B7CF777129C076B20044CEDB /* Projet Mobile.app */;
			productType = "com.apple.product-type.application";
		};
		B7CF778029C076B30044CEDB /* Projet MobileTests */ = {
			isa = PBXNativeTarget;
			buildConfigurationList = B7CF779829C076B30044CEDB /* Build configuration list for PBXNativeTarget "Projet MobileTests" */;
			buildPhases = (
				B7CF777D29C076B30044CEDB /* Sources */,
				B7CF777E29C076B30044CEDB /* Frameworks */,
				B7CF777F29C076B30044CEDB /* Resources */,
			);
			buildRules = (
			);
			dependencies = (
				B7CF778329C076B30044CEDB /* PBXTargetDependency */,
			);
			name = "Projet MobileTests";
			productName = "Projet MobileTests";
			productReference = B7CF778129C076B30044CEDB /* Projet MobileTests.xctest */;
			productType = "com.apple.product-type.bundle.unit-test";
		};
		B7CF778A29C076B30044CEDB /* Projet MobileUITests */ = {
			isa = PBXNativeTarget;
			buildConfigurationList = B7CF779B29C076B30044CEDB /* Build configuration list for PBXNativeTarget "Projet MobileUITests" */;
			buildPhases = (
				B7CF778729C076B30044CEDB /* Sources */,
				B7CF778829C076B30044CEDB /* Frameworks */,
				B7CF778929C076B30044CEDB /* Resources */,
			);
			buildRules = (
			);
			dependencies = (
				B7CF778D29C076B30044CEDB /* PBXTargetDependency */,
			);
			name = "Projet MobileUITests";
			productName = "Projet MobileUITests";
			productReference = B7CF778B29C076B30044CEDB /* Projet MobileUITests.xctest */;
			productType = "com.apple.product-type.bundle.ui-testing";
		};
/* End PBXNativeTarget section */

/* Begin PBXProject section */
		B7CF776929C076B20044CEDB /* Project object */ = {
			isa = PBXProject;
			attributes = {
				BuildIndependentTargetsInParallel = 1;
				LastSwiftUpdateCheck = 1420;
				LastUpgradeCheck = 1420;
				TargetAttributes = {
					B7CF777029C076B20044CEDB = {
						CreatedOnToolsVersion = 14.2;
					};
					B7CF778029C076B30044CEDB = {
						CreatedOnToolsVersion = 14.2;
						TestTargetID = B7CF777029C076B20044CEDB;
					};
					B7CF778A29C076B30044CEDB = {
						CreatedOnToolsVersion = 14.2;
						TestTargetID = B7CF777029C076B20044CEDB;
					};
				};
			};
			buildConfigurationList = B7CF776C29C076B20044CEDB /* Build configuration list for PBXProject "Projet Mobile" */;
			compatibilityVersion = "Xcode 13.0";
			developmentRegion = en;
			hasScannedForEncodings = 0;
			knownRegions = (
				en,
				Base,
			);
			mainGroup = B7CF776829C076B20044CEDB;
			productRefGroup = B7CF777229C076B20044CEDB /* Products */;
			projectDirPath = "";
			projectRoot = "";
			targets = (
				B7CF777029C076B20044CEDB /* Projet Mobile */,
				B7CF778029C076B30044CEDB /* Projet MobileTests */,
				B7CF778A29C076B30044CEDB /* Projet MobileUITests */,
			);
		};
/* End PBXProject section */

/* Begin PBXResourcesBuildPhase section */
		B7CF776F29C076B20044CEDB /* Resources */ = {
			isa = PBXResourcesBuildPhase;
			buildActionMask = 2147483647;
			files = (
				B7CF777C29C076B20044CEDB /* Preview Assets.xcassets in Resources */,
				B7CF777929C076B20044CEDB /* Assets.xcassets in Resources */,
				B7FB270329CB15FD0081C181 /* EnvironmentSettings.plist in Resources */,
			);
			runOnlyForDeploymentPostprocessing = 0;
		};
		B7CF777F29C076B30044CEDB /* Resources */ = {
			isa = PBXResourcesBuildPhase;
			buildActionMask = 2147483647;
			files = (
			);
			runOnlyForDeploymentPostprocessing = 0;
		};
		B7CF778929C076B30044CEDB /* Resources */ = {
			isa = PBXResourcesBuildPhase;
			buildActionMask = 2147483647;
			files = (
			);
			runOnlyForDeploymentPostprocessing = 0;
		};
/* End PBXResourcesBuildPhase section */

/* Begin PBXSourcesBuildPhase section */
		B7CF776D29C076B20044CEDB /* Sources */ = {
			isa = PBXSourcesBuildPhase;
			buildActionMask = 2147483647;
			files = (
				B7FB270729CB21A90081C181 /* ActualView.swift in Sources */,
				B7941F2B29C99D5100FD67C1 /* FestivalVM.swift in Sources */,
				B7941F1B29C3256A00FD67C1 /* Footer.swift in Sources */,
				B7941F2629C9930C00FD67C1 /* AuthDAO.swift in Sources */,
				B7CF777729C076B20044CEDB /* ContentView.swift in Sources */,
				B7941F1729C3227A00FD67C1 /* VolunteerView.swift in Sources */,
				B7FB26FF29CB0D6E0081C181 /* LoginPageView.swift in Sources */,
				B7FB26FD29CB08C10081C181 /* alert.service.swift in Sources */,
				B721807929CC890A003EFB19 /* FestivalItemView.swift in Sources */,
				B7941F2829C99AA200FD67C1 /* FestivalDAO.swift in Sources */,
				B721806629CC689A003EFB19 /* FestivalState.swift in Sources */,
				B7FB270529CB17F10081C181 /* MyEnvVariables.swift in Sources */,
				B7941F1E29C32A6C00FD67C1 /* VolunteerDTO.swift in Sources */,
				B721806329CC67CB003EFB19 /* FestivalDTO.swift in Sources */,
				B7941F2E29C9AB9F00FD67C1 /* JWTDecode.swift in Sources */,
				B721807729CC84F9003EFB19 /* FestivalListView.swift in Sources */,
				B7FB26FA29CB07990081C181 /* SignInPageView.swift in Sources */,
				B7941F3029C9AC2B00FD67C1 /* JSONHelper.swift in Sources */,
				B7941F1529C319EE00FD67C1 /* HomePageView.swift in Sources */,
				B7941F3229C9B37800FD67C1 /* ConnectionView.swift in Sources */,
				B7CF777529C076B20044CEDB /* Projet_MobileApp.swift in Sources */,
				B7FB270129CB145F0081C181 /* ViewEnum.swift in Sources */,
				B721806C29CC7073003EFB19 /* FestivalListVM.swift in Sources */,
				B721807029CC70D2003EFB19 /* FestivalModelObserver.swift in Sources */,
				B7941F3429C9D44100FD67C1 /* AuthVM.swift in Sources */,
				B721807229CC7C5A003EFB19 /* FestivalIntent.swift in Sources */,
				B7941F1929C322FA00FD67C1 /* ManageFestivalView.swift in Sources */,
				B721806A29CC6B8A003EFB19 /* FestivalListIntent.swift in Sources */,
				B721807429CC7D32003EFB19 /* FestivalListState.swift in Sources */,
			);
			runOnlyForDeploymentPostprocessing = 0;
		};
		B7CF777D29C076B30044CEDB /* Sources */ = {
			isa = PBXSourcesBuildPhase;
			buildActionMask = 2147483647;
			files = (
				B7CF778629C076B30044CEDB /* Projet_MobileTests.swift in Sources */,
			);
			runOnlyForDeploymentPostprocessing = 0;
		};
		B7CF778729C076B30044CEDB /* Sources */ = {
			isa = PBXSourcesBuildPhase;
			buildActionMask = 2147483647;
			files = (
				B7CF779229C076B30044CEDB /* Projet_MobileUITestsLaunchTests.swift in Sources */,
				B7CF779029C076B30044CEDB /* Projet_MobileUITests.swift in Sources */,
			);
			runOnlyForDeploymentPostprocessing = 0;
		};
/* End PBXSourcesBuildPhase section */

/* Begin PBXTargetDependency section */
		B7CF778329C076B30044CEDB /* PBXTargetDependency */ = {
			isa = PBXTargetDependency;
			target = B7CF777029C076B20044CEDB /* Projet Mobile */;
			targetProxy = B7CF778229C076B30044CEDB /* PBXContainerItemProxy */;
		};
		B7CF778D29C076B30044CEDB /* PBXTargetDependency */ = {
			isa = PBXTargetDependency;
			target = B7CF777029C076B20044CEDB /* Projet Mobile */;
			targetProxy = B7CF778C29C076B30044CEDB /* PBXContainerItemProxy */;
		};
/* End PBXTargetDependency section */

/* Begin XCBuildConfiguration section */
		B7CF779329C076B30044CEDB /* Debug */ = {
			isa = XCBuildConfiguration;
			buildSettings = {
				ALWAYS_SEARCH_USER_PATHS = NO;
				CLANG_ANALYZER_NONNULL = YES;
				CLANG_ANALYZER_NUMBER_OBJECT_CONVERSION = YES_AGGRESSIVE;
				CLANG_CXX_LANGUAGE_STANDARD = "gnu++20";
				CLANG_ENABLE_MODULES = YES;
				CLANG_ENABLE_OBJC_ARC = YES;
				CLANG_ENABLE_OBJC_WEAK = YES;
				CLANG_WARN_BLOCK_CAPTURE_AUTORELEASING = YES;
				CLANG_WARN_BOOL_CONVERSION = YES;
				CLANG_WARN_COMMA = YES;
				CLANG_WARN_CONSTANT_CONVERSION = YES;
				CLANG_WARN_DEPRECATED_OBJC_IMPLEMENTATIONS = YES;
				CLANG_WARN_DIRECT_OBJC_ISA_USAGE = YES_ERROR;
				CLANG_WARN_DOCUMENTATION_COMMENTS = YES;
				CLANG_WARN_EMPTY_BODY = YES;
				CLANG_WARN_ENUM_CONVERSION = YES;
				CLANG_WARN_INFINITE_RECURSION = YES;
				CLANG_WARN_INT_CONVERSION = YES;
				CLANG_WARN_NON_LITERAL_NULL_CONVERSION = YES;
				CLANG_WARN_OBJC_IMPLICIT_RETAIN_SELF = YES;
				CLANG_WARN_OBJC_LITERAL_CONVERSION = YES;
				CLANG_WARN_OBJC_ROOT_CLASS = YES_ERROR;
				CLANG_WARN_QUOTED_INCLUDE_IN_FRAMEWORK_HEADER = YES;
				CLANG_WARN_RANGE_LOOP_ANALYSIS = YES;
				CLANG_WARN_STRICT_PROTOTYPES = YES;
				CLANG_WARN_SUSPICIOUS_MOVE = YES;
				CLANG_WARN_UNGUARDED_AVAILABILITY = YES_AGGRESSIVE;
				CLANG_WARN_UNREACHABLE_CODE = YES;
				CLANG_WARN__DUPLICATE_METHOD_MATCH = YES;
				COPY_PHASE_STRIP = NO;
				DEBUG_INFORMATION_FORMAT = dwarf;
				ENABLE_STRICT_OBJC_MSGSEND = YES;
				ENABLE_TESTABILITY = YES;
				GCC_C_LANGUAGE_STANDARD = gnu11;
				GCC_DYNAMIC_NO_PIC = NO;
				GCC_NO_COMMON_BLOCKS = YES;
				GCC_OPTIMIZATION_LEVEL = 0;
				GCC_PREPROCESSOR_DEFINITIONS = (
					"DEBUG=1",
					"$(inherited)",
				);
				GCC_WARN_64_TO_32_BIT_CONVERSION = YES;
				GCC_WARN_ABOUT_RETURN_TYPE = YES_ERROR;
				GCC_WARN_UNDECLARED_SELECTOR = YES;
				GCC_WARN_UNINITIALIZED_AUTOS = YES_AGGRESSIVE;
				GCC_WARN_UNUSED_FUNCTION = YES;
				GCC_WARN_UNUSED_VARIABLE = YES;
				IPHONEOS_DEPLOYMENT_TARGET = 16.0;
				MTL_ENABLE_DEBUG_INFO = INCLUDE_SOURCE;
				MTL_FAST_MATH = YES;
				ONLY_ACTIVE_ARCH = YES;
				SDKROOT = iphoneos;
				SWIFT_ACTIVE_COMPILATION_CONDITIONS = DEBUG;
				SWIFT_OPTIMIZATION_LEVEL = "-Onone";
			};
			name = Debug;
		};
		B7CF779429C076B30044CEDB /* Release */ = {
			isa = XCBuildConfiguration;
			buildSettings = {
				ALWAYS_SEARCH_USER_PATHS = NO;
				CLANG_ANALYZER_NONNULL = YES;
				CLANG_ANALYZER_NUMBER_OBJECT_CONVERSION = YES_AGGRESSIVE;
				CLANG_CXX_LANGUAGE_STANDARD = "gnu++20";
				CLANG_ENABLE_MODULES = YES;
				CLANG_ENABLE_OBJC_ARC = YES;
				CLANG_ENABLE_OBJC_WEAK = YES;
				CLANG_WARN_BLOCK_CAPTURE_AUTORELEASING = YES;
				CLANG_WARN_BOOL_CONVERSION = YES;
				CLANG_WARN_COMMA = YES;
				CLANG_WARN_CONSTANT_CONVERSION = YES;
				CLANG_WARN_DEPRECATED_OBJC_IMPLEMENTATIONS = YES;
				CLANG_WARN_DIRECT_OBJC_ISA_USAGE = YES_ERROR;
				CLANG_WARN_DOCUMENTATION_COMMENTS = YES;
				CLANG_WARN_EMPTY_BODY = YES;
				CLANG_WARN_ENUM_CONVERSION = YES;
				CLANG_WARN_INFINITE_RECURSION = YES;
				CLANG_WARN_INT_CONVERSION = YES;
				CLANG_WARN_NON_LITERAL_NULL_CONVERSION = YES;
				CLANG_WARN_OBJC_IMPLICIT_RETAIN_SELF = YES;
				CLANG_WARN_OBJC_LITERAL_CONVERSION = YES;
				CLANG_WARN_OBJC_ROOT_CLASS = YES_ERROR;
				CLANG_WARN_QUOTED_INCLUDE_IN_FRAMEWORK_HEADER = YES;
				CLANG_WARN_RANGE_LOOP_ANALYSIS = YES;
				CLANG_WARN_STRICT_PROTOTYPES = YES;
				CLANG_WARN_SUSPICIOUS_MOVE = YES;
				CLANG_WARN_UNGUARDED_AVAILABILITY = YES_AGGRESSIVE;
				CLANG_WARN_UNREACHABLE_CODE = YES;
				CLANG_WARN__DUPLICATE_METHOD_MATCH = YES;
				COPY_PHASE_STRIP = NO;
				DEBUG_INFORMATION_FORMAT = "dwarf-with-dsym";
				ENABLE_NS_ASSERTIONS = NO;
				ENABLE_STRICT_OBJC_MSGSEND = YES;
				GCC_C_LANGUAGE_STANDARD = gnu11;
				GCC_NO_COMMON_BLOCKS = YES;
				GCC_WARN_64_TO_32_BIT_CONVERSION = YES;
				GCC_WARN_ABOUT_RETURN_TYPE = YES_ERROR;
				GCC_WARN_UNDECLARED_SELECTOR = YES;
				GCC_WARN_UNINITIALIZED_AUTOS = YES_AGGRESSIVE;
				GCC_WARN_UNUSED_FUNCTION = YES;
				GCC_WARN_UNUSED_VARIABLE = YES;
				IPHONEOS_DEPLOYMENT_TARGET = 16.0;
				MTL_ENABLE_DEBUG_INFO = NO;
				MTL_FAST_MATH = YES;
				SDKROOT = iphoneos;
				SWIFT_COMPILATION_MODE = wholemodule;
				SWIFT_OPTIMIZATION_LEVEL = "-O";
				VALIDATE_PRODUCT = YES;
			};
			name = Release;
		};
		B7CF779629C076B30044CEDB /* Debug */ = {
			isa = XCBuildConfiguration;
			buildSettings = {
				ASSETCATALOG_COMPILER_APPICON_NAME = AppIcon;
				ASSETCATALOG_COMPILER_GLOBAL_ACCENT_COLOR_NAME = AccentColor;
				CODE_SIGN_STYLE = Automatic;
				CURRENT_PROJECT_VERSION = 1;
				DEVELOPMENT_ASSET_PATHS = "\"Projet Mobile/Preview Content\"";
				ENABLE_PREVIEWS = YES;
				GENERATE_INFOPLIST_FILE = YES;
				INFOPLIST_KEY_UIApplicationSceneManifest_Generation = YES;
				INFOPLIST_KEY_UIApplicationSupportsIndirectInputEvents = YES;
				INFOPLIST_KEY_UILaunchScreen_Generation = YES;
				INFOPLIST_KEY_UISupportedInterfaceOrientations_iPad = "UIInterfaceOrientationPortrait UIInterfaceOrientationPortraitUpsideDown UIInterfaceOrientationLandscapeLeft UIInterfaceOrientationLandscapeRight";
				INFOPLIST_KEY_UISupportedInterfaceOrientations_iPhone = "UIInterfaceOrientationPortrait UIInterfaceOrientationLandscapeLeft UIInterfaceOrientationLandscapeRight";
				LD_RUNPATH_SEARCH_PATHS = (
					"$(inherited)",
					"@executable_path/Frameworks",
				);
				MARKETING_VERSION = 1.0;
				PRODUCT_BUNDLE_IDENTIFIER = "maxime.Projet-Mobile";
				PRODUCT_NAME = "$(TARGET_NAME)";
				SWIFT_EMIT_LOC_STRINGS = YES;
				SWIFT_VERSION = 5.0;
				TARGETED_DEVICE_FAMILY = "1,2";
			};
			name = Debug;
		};
		B7CF779729C076B30044CEDB /* Release */ = {
			isa = XCBuildConfiguration;
			buildSettings = {
				ASSETCATALOG_COMPILER_APPICON_NAME = AppIcon;
				ASSETCATALOG_COMPILER_GLOBAL_ACCENT_COLOR_NAME = AccentColor;
				CODE_SIGN_STYLE = Automatic;
				CURRENT_PROJECT_VERSION = 1;
				DEVELOPMENT_ASSET_PATHS = "\"Projet Mobile/Preview Content\"";
				ENABLE_PREVIEWS = YES;
				GENERATE_INFOPLIST_FILE = YES;
				INFOPLIST_KEY_UIApplicationSceneManifest_Generation = YES;
				INFOPLIST_KEY_UIApplicationSupportsIndirectInputEvents = YES;
				INFOPLIST_KEY_UILaunchScreen_Generation = YES;
				INFOPLIST_KEY_UISupportedInterfaceOrientations_iPad = "UIInterfaceOrientationPortrait UIInterfaceOrientationPortraitUpsideDown UIInterfaceOrientationLandscapeLeft UIInterfaceOrientationLandscapeRight";
				INFOPLIST_KEY_UISupportedInterfaceOrientations_iPhone = "UIInterfaceOrientationPortrait UIInterfaceOrientationLandscapeLeft UIInterfaceOrientationLandscapeRight";
				LD_RUNPATH_SEARCH_PATHS = (
					"$(inherited)",
					"@executable_path/Frameworks",
				);
				MARKETING_VERSION = 1.0;
				PRODUCT_BUNDLE_IDENTIFIER = "maxime.Projet-Mobile";
				PRODUCT_NAME = "$(TARGET_NAME)";
				SWIFT_EMIT_LOC_STRINGS = YES;
				SWIFT_VERSION = 5.0;
				TARGETED_DEVICE_FAMILY = "1,2";
			};
			name = Release;
		};
		B7CF779929C076B30044CEDB /* Debug */ = {
			isa = XCBuildConfiguration;
			buildSettings = {
				ALWAYS_EMBED_SWIFT_STANDARD_LIBRARIES = YES;
				BUNDLE_LOADER = "$(TEST_HOST)";
				CODE_SIGN_STYLE = Automatic;
				CURRENT_PROJECT_VERSION = 1;
				GENERATE_INFOPLIST_FILE = YES;
				IPHONEOS_DEPLOYMENT_TARGET = 16.2;
				MARKETING_VERSION = 1.0;
				PRODUCT_BUNDLE_IDENTIFIER = "maxime.Projet-MobileTests";
				PRODUCT_NAME = "$(TARGET_NAME)";
				SWIFT_EMIT_LOC_STRINGS = NO;
				SWIFT_VERSION = 5.0;
				TARGETED_DEVICE_FAMILY = "1,2";
				TEST_HOST = "$(BUILT_PRODUCTS_DIR)/Projet Mobile.app/$(BUNDLE_EXECUTABLE_FOLDER_PATH)/Projet Mobile";
			};
			name = Debug;
		};
		B7CF779A29C076B30044CEDB /* Release */ = {
			isa = XCBuildConfiguration;
			buildSettings = {
				ALWAYS_EMBED_SWIFT_STANDARD_LIBRARIES = YES;
				BUNDLE_LOADER = "$(TEST_HOST)";
				CODE_SIGN_STYLE = Automatic;
				CURRENT_PROJECT_VERSION = 1;
				GENERATE_INFOPLIST_FILE = YES;
				IPHONEOS_DEPLOYMENT_TARGET = 16.2;
				MARKETING_VERSION = 1.0;
				PRODUCT_BUNDLE_IDENTIFIER = "maxime.Projet-MobileTests";
				PRODUCT_NAME = "$(TARGET_NAME)";
				SWIFT_EMIT_LOC_STRINGS = NO;
				SWIFT_VERSION = 5.0;
				TARGETED_DEVICE_FAMILY = "1,2";
				TEST_HOST = "$(BUILT_PRODUCTS_DIR)/Projet Mobile.app/$(BUNDLE_EXECUTABLE_FOLDER_PATH)/Projet Mobile";
			};
			name = Release;
		};
		B7CF779C29C076B30044CEDB /* Debug */ = {
			isa = XCBuildConfiguration;
			buildSettings = {
				ALWAYS_EMBED_SWIFT_STANDARD_LIBRARIES = YES;
				CODE_SIGN_STYLE = Automatic;
				CURRENT_PROJECT_VERSION = 1;
				GENERATE_INFOPLIST_FILE = YES;
				MARKETING_VERSION = 1.0;
				PRODUCT_BUNDLE_IDENTIFIER = "maxime.Projet-MobileUITests";
				PRODUCT_NAME = "$(TARGET_NAME)";
				SWIFT_EMIT_LOC_STRINGS = NO;
				SWIFT_VERSION = 5.0;
				TARGETED_DEVICE_FAMILY = "1,2";
				TEST_TARGET_NAME = "Projet Mobile";
			};
			name = Debug;
		};
		B7CF779D29C076B30044CEDB /* Release */ = {
			isa = XCBuildConfiguration;
			buildSettings = {
				ALWAYS_EMBED_SWIFT_STANDARD_LIBRARIES = YES;
				CODE_SIGN_STYLE = Automatic;
				CURRENT_PROJECT_VERSION = 1;
				GENERATE_INFOPLIST_FILE = YES;
				MARKETING_VERSION = 1.0;
				PRODUCT_BUNDLE_IDENTIFIER = "maxime.Projet-MobileUITests";
				PRODUCT_NAME = "$(TARGET_NAME)";
				SWIFT_EMIT_LOC_STRINGS = NO;
				SWIFT_VERSION = 5.0;
				TARGETED_DEVICE_FAMILY = "1,2";
				TEST_TARGET_NAME = "Projet Mobile";
			};
			name = Release;
		};
/* End XCBuildConfiguration section */

/* Begin XCConfigurationList section */
		B7CF776C29C076B20044CEDB /* Build configuration list for PBXProject "Projet Mobile" */ = {
			isa = XCConfigurationList;
			buildConfigurations = (
				B7CF779329C076B30044CEDB /* Debug */,
				B7CF779429C076B30044CEDB /* Release */,
			);
			defaultConfigurationIsVisible = 0;
			defaultConfigurationName = Release;
		};
		B7CF779529C076B30044CEDB /* Build configuration list for PBXNativeTarget "Projet Mobile" */ = {
			isa = XCConfigurationList;
			buildConfigurations = (
				B7CF779629C076B30044CEDB /* Debug */,
				B7CF779729C076B30044CEDB /* Release */,
			);
			defaultConfigurationIsVisible = 0;
			defaultConfigurationName = Release;
		};
		B7CF779829C076B30044CEDB /* Build configuration list for PBXNativeTarget "Projet MobileTests" */ = {
			isa = XCConfigurationList;
			buildConfigurations = (
				B7CF779929C076B30044CEDB /* Debug */,
				B7CF779A29C076B30044CEDB /* Release */,
			);
			defaultConfigurationIsVisible = 0;
			defaultConfigurationName = Release;
		};
		B7CF779B29C076B30044CEDB /* Build configuration list for PBXNativeTarget "Projet MobileUITests" */ = {
			isa = XCConfigurationList;
			buildConfigurations = (
				B7CF779C29C076B30044CEDB /* Debug */,
				B7CF779D29C076B30044CEDB /* Release */,
			);
			defaultConfigurationIsVisible = 0;
			defaultConfigurationName = Release;
		};
/* End XCConfigurationList section */
	};
	rootObject = B7CF776929C076B20044CEDB /* Project object */;
}
